<?xml version="1.0" encoding="UTF-8"?>
<CONFIG>
  <ProjectOptions>
    <Version Value="12"/>
    <PathDelim Value="\"/>
    <General>
      <Flags>
        <CompatibilityMode Value="True"/>
      </Flags>
      <Title Value="CONSOLE64"/>
      <UseXPManifest Value="True"/>
      <Icon Value="0"/>
    </General>
    <BuildModes Count="1">
      <Item1 Name="default" Default="True"/>
    </BuildModes>
    <PublishOptions>
      <Version Value="2"/>
    </PublishOptions>
    <RunParams>
      <FormatVersion Value="2"/>
      <Modes Count="1">
        <Mode0 Name="default"/>
      </Modes>
    </RunParams>
    <RequiredPackages Count="3">
      <Item1>
        <PackageName Value="LazSerialPort"/>
      </Item1>
      <Item2>
        <PackageName Value="SynEdit"/>
      </Item2>
      <Item3>
        <PackageName Value="LCL"/>
      </Item3>
    </RequiredPackages>
    <Units Count="29">
      <Unit0>
        <Filename Value="CONSOLE64.lpr"/>
        <IsPartOfProject Value="True"/>
        <EditorIndex Value="1"/>
        <CursorPos X="3" Y="12"/>
        <UsageCount Value="200"/>
        <Loaded Value="True"/>
      </Unit0>
      <Unit1>
        <Filename Value="MainUnit.pas"/>
        <IsPartOfProject Value="True"/>
        <ComponentName Value="Form_Console"/>
        <HasResources Value="True"/>
        <ResourceBaseClass Value="Form"/>
        <IsVisibleTab Value="True"/>
        <TopLine Value="496"/>
        <CursorPos X="34" Y="506"/>
        <UsageCount Value="200"/>
        <Loaded Value="True"/>
        <LoadedDesigner Value="True"/>
      </Unit1>
      <Unit2>
        <Filename Value="synaser\synaser.pas"/>
        <EditorIndex Value="-1"/>
        <TopLine Value="447"/>
        <CursorPos X="58" Y="336"/>
        <UsageCount Value="7"/>
      </Unit2>
      <Unit3>
        <Filename Value="Unit_CONS.pas"/>
        <IsPartOfProject Value="True"/>
        <ComponentName Value="Form_CONS"/>
        <HasResources Value="True"/>
        <ResourceBaseClass Value="Form"/>
        <EditorIndex Value="7"/>
        <TopLine Value="58"/>
        <CursorPos X="31" Y="215"/>
        <UsageCount Value="201"/>
        <Loaded Value="True"/>
        <LoadedDesigner Value="True"/>
      </Unit3>
      <Unit4>
        <Filename Value="IMGLDR.pas"/>
        <CursorPos X="8" Y="492"/>
        <UsageCount Value="6"/>
      </Unit4>
      <Unit5>
        <Filename Value="wincpm.pas"/>
        <EditorIndex Value="-1"/>
        <TopLine Value="99"/>
        <CursorPos X="30" Y="116"/>
        <UsageCount Value="40"/>
      </Unit5>
      <Unit6>
        <Filename Value="CONSOLE.lrs"/>
        <UsageCount Value="9"/>
      </Unit6>
      <Unit7>
        <Filename Value="C:\lazarus\lcl\lresources.pp"/>
        <UnitName Value="LResources"/>
        <EditorIndex Value="-1"/>
        <TopLine Value="24"/>
        <CursorPos X="40" Y="36"/>
        <UsageCount Value="7"/>
      </Unit7>
      <Unit8>
        <Filename Value="C:\lazarus\components\Sdpo\SdpoSerial\sdpofpserial.pas"/>
        <EditorIndex Value="-1"/>
        <TopLine Value="268"/>
        <CursorPos X="11" Y="285"/>
        <UsageCount Value="7"/>
      </Unit8>
      <Unit9>
        <Filename Value="C:\lazarus\components\HtmlViewer\source\htmlmisc.pas"/>
        <UnitName Value="HtmlMisc"/>
        <EditorIndex Value="-1"/>
        <TopLine Value="1240"/>
        <CursorPos X="46" Y="1259"/>
        <UsageCount Value="7"/>
      </Unit9>
      <Unit10>
        <Filename Value="..\..\91_Install\Lazarus\components\SdpoSerial\sdpofpserial.pas"/>
        <EditorIndex Value="-1"/>
        <TopLine Value="201"/>
        <CursorPos X="11" Y="285"/>
        <UsageCount Value="7"/>
      </Unit10>
      <Unit11>
        <Filename Value="C:\lazarus\components\SdpoSerial\synaser.pas"/>
        <EditorIndex Value="-1"/>
        <TopLine Value="364"/>
        <UsageCount Value="7"/>
      </Unit11>
      <Unit12>
        <Filename Value="C:\lazarus\components\SdpoSerial\sdposerial.pas"/>
        <UnitName Value="SdpoSerial"/>
        <EditorIndex Value="-1"/>
        <TopLine Value="42"/>
        <CursorPos X="13" Y="43"/>
        <UsageCount Value="7"/>
      </Unit12>
      <Unit13>
        <Filename Value="synaser\sdposerial.pas"/>
        <UnitName Value="SdpoSerial"/>
        <EditorIndex Value="-1"/>
        <TopLine Value="463"/>
        <CursorPos X="2" Y="488"/>
        <UsageCount Value="7"/>
      </Unit13>
      <Unit14>
        <Filename Value="X:\Lazarus_X86_32_Bit_WIN\components\LazSerial\lazserial.pas"/>
        <UnitName Value="LazSerial"/>
        <EditorIndex Value="-1"/>
        <TopLine Value="507"/>
        <CursorPos X="5" Y="514"/>
        <UsageCount Value="9"/>
      </Unit14>
      <Unit15>
        <Filename Value="windos.pas"/>
        <IsPartOfProject Value="True"/>
        <EditorIndex Value="5"/>
        <TopLine Value="59"/>
        <CursorPos X="10" Y="80"/>
        <UsageCount Value="200"/>
        <Loaded Value="True"/>
      </Unit15>
      <Unit16>
        <Filename Value="X:\Lazarus_X86_64_Bit_WIN\lazarus\lcl\include\wincontrol.inc"/>
        <EditorIndex Value="-1"/>
        <TopLine Value="5660"/>
        <CursorPos X="16" Y="5683"/>
        <UsageCount Value="6"/>
      </Unit16>
      <Unit17>
        <Filename Value="Video_Send.INC"/>
        <EditorIndex Value="8"/>
        <TopLine Value="596"/>
        <CursorPos X="27" Y="612"/>
        <UsageCount Value="100"/>
        <Loaded Value="True"/>
      </Unit17>
      <Unit18>
        <Filename Value="Keyboard.INC"/>
        <EditorIndex Value="9"/>
        <TopLine Value="53"/>
        <CursorPos Y="74"/>
        <UsageCount Value="100"/>
        <Loaded Value="True"/>
      </Unit18>
      <Unit19>
        <Filename Value="ZS80H.INC"/>
        <EditorIndex Value="-1"/>
        <CursorPos X="8" Y="7"/>
        <UsageCount Value="4"/>
      </Unit19>
      <Unit20>
        <Filename Value="charmap.inc"/>
        <EditorIndex Value="-1"/>
        <CursorPos X="22" Y="3"/>
        <UsageCount Value="4"/>
      </Unit20>
      <Unit21>
        <Filename Value="Codepage437.INC"/>
        <EditorIndex Value="6"/>
        <CursorPos Y="3"/>
        <UsageCount Value="54"/>
        <Loaded Value="True"/>
      </Unit21>
      <Unit22>
        <Filename Value="x:\Lazarus\LAZ_X86_64_Bit_WIN_01_2025\components\TLazSerial\lazserial.pas"/>
        <UnitName Value="LazSerial"/>
        <EditorIndex Value="-1"/>
        <TopLine Value="486"/>
        <CursorPos Y="498"/>
        <UsageCount Value="4"/>
      </Unit22>
      <Unit23>
        <Filename Value="MainUnit.lfm"/>
        <EditorIndex Value="-1"/>
        <UsageCount Value="9"/>
        <DefaultSyntaxHighlighter Value="LFM"/>
      </Unit23>
      <Unit24>
        <Filename Value="language_u.pas"/>
        <IsPartOfProject Value="True"/>
        <UnitName Value="Language_U"/>
        <EditorIndex Value="4"/>
        <CursorPos X="16" Y="27"/>
        <UsageCount Value="46"/>
        <Loaded Value="True"/>
      </Unit24>
      <Unit25>
        <Filename Value="language_de.INC"/>
        <EditorIndex Value="2"/>
        <CursorPos Y="48"/>
        <UsageCount Value="20"/>
        <Loaded Value="True"/>
      </Unit25>
      <Unit26>
        <Filename Value="x:\Lazarus\LAZ_X86_64_Bit_WIN_01_2025\lcl\include\buttoncontrol.inc"/>
        <EditorIndex Value="-1"/>
        <TopLine Value="36"/>
        <CursorPos Y="50"/>
        <UsageCount Value="10"/>
      </Unit26>
      <Unit27>
        <Filename Value="x:\Lazarus\LAZ_X86_64_Bit_WIN_01_2025\components\lazutils\lazmethodlist.pas"/>
        <UnitName Value="LazMethodList"/>
        <EditorIndex Value="-1"/>
        <TopLine Value="259"/>
        <CursorPos Y="273"/>
        <UsageCount Value="10"/>
      </Unit27>
      <Unit28>
        <Filename Value="language_en.INC"/>
        <EditorIndex Value="3"/>
        <TopLine Value="98"/>
        <CursorPos X="35" Y="65"/>
        <UsageCount Value="12"/>
        <Loaded Value="True"/>
      </Unit28>
    </Units>
    <JumpHistory Count="28" HistoryIndex="27">
      <Position1>
        <Filename Value="Unit_CONS.pas"/>
        <Caret Line="482" Column="4" TopLine="458"/>
      </Position1>
      <Position2>
        <Filename Value="Unit_CONS.pas"/>
        <Caret Line="483" Column="7" TopLine="458"/>
      </Position2>
      <Position3>
        <Filename Value="Unit_CONS.pas"/>
        <Caret Line="21" Column="44" TopLine="19"/>
      </Position3>
      <Position4>
        <Filename Value="Unit_CONS.pas"/>
        <Caret Line="147" Column="33" TopLine="122"/>
      </Position4>
      <Position5>
        <Filename Value="Unit_CONS.pas"/>
        <Caret Line="23" Column="37" TopLine="19"/>
      </Position5>
      <Position6>
        <Filename Value="MainUnit.pas"/>
        <Caret Line="60" Column="10" TopLine="41"/>
      </Position6>
      <Position7>
        <Filename Value="MainUnit.pas"/>
        <Caret Line="1181" Column="5" TopLine="1167"/>
      </Position7>
      <Position8>
        <Filename Value="MainUnit.pas"/>
        <Caret Line="1154" Column="14" TopLine="1145"/>
      </Position8>
      <Position9>
        <Filename Value="MainUnit.pas"/>
        <Caret Line="1159" TopLine="1145"/>
      </Position9>
      <Position10>
        <Filename Value="MainUnit.pas"/>
        <Caret Line="1165" TopLine="1145"/>
      </Position10>
      <Position11>
        <Filename Value="MainUnit.pas"/>
        <Caret Line="1159" TopLine="1145"/>
      </Position11>
      <Position12>
        <Filename Value="MainUnit.pas"/>
        <Caret Line="1165" TopLine="1145"/>
      </Position12>
      <Position13>
        <Filename Value="MainUnit.pas"/>
        <Caret Line="1159" TopLine="1145"/>
      </Position13>
      <Position14>
        <Filename Value="MainUnit.pas"/>
        <Caret Line="1172" TopLine="1154"/>
      </Position14>
      <Position15>
        <Filename Value="MainUnit.pas"/>
        <Caret Line="634" Column="16" TopLine="615"/>
      </Position15>
      <Position16>
        <Filename Value="MainUnit.pas"/>
        <Caret Line="1164" Column="3" TopLine="1159"/>
      </Position16>
      <Position17>
        <Filename Value="MainUnit.pas"/>
        <Caret Line="170" TopLine="156"/>
      </Position17>
      <Position18>
        <Filename Value="MainUnit.pas"/>
        <Caret Line="1185" Column="4" TopLine="1161"/>
      </Position18>
      <Position19>
        <Filename Value="CONSOLE64.lpr"/>
        <Caret Line="12" Column="3"/>
      </Position19>
      <Position20>
        <Filename Value="MainUnit.pas"/>
        <Caret Line="1189" Column="5" TopLine="1164"/>
      </Position20>
      <Position21>
        <Filename Value="MainUnit.pas"/>
        <Caret Line="1203" TopLine="1192"/>
      </Position21>
      <Position22>
        <Filename Value="MainUnit.pas"/>
        <Caret Line="1205" TopLine="1192"/>
      </Position22>
      <Position23>
        <Filename Value="MainUnit.pas"/>
        <Caret Line="1209" TopLine="1192"/>
      </Position23>
      <Position24>
        <Filename Value="MainUnit.pas"/>
        <Caret Line="1157" Column="8" TopLine="1147"/>
      </Position24>
      <Position25>
        <Filename Value="MainUnit.pas"/>
        <Caret Line="976" Column="61" TopLine="970"/>
      </Position25>
      <Position26>
        <Filename Value="MainUnit.pas"/>
        <Caret Line="2954" Column="61" TopLine="2939"/>
      </Position26>
      <Position27>
        <Filename Value="MainUnit.pas"/>
        <Caret Line="1166" Column="46" TopLine="1153"/>
      </Position27>
      <Position28>
        <Filename Value="MainUnit.pas"/>
        <Caret Line="1190" Column="46" TopLine="1177"/>
      </Position28>
    </JumpHistory>
  </ProjectOptions>
  <CompilerOptions>
    <Version Value="11"/>
    <PathDelim Value="\"/>
    <SearchPaths>
      <IncludeFiles Value="$(ProjOutDir)"/>
      <OtherUnitFiles Value="synaser"/>
    </SearchPaths>
    <Parsing>
      <SyntaxOptions>
        <UseAnsiStrings Value="False"/>
      </SyntaxOptions>
    </Parsing>
    <Linking>
      <Debugging>
        <GenerateDebugInfo Value="False"/>
        <RunWithoutDebug Value="True"/>
        <DebugInfoType Value="dsDwarf3"/>
      </Debugging>
      <Options>
        <Win32>
          <GraphicApplication Value="True"/>
        </Win32>
      </Options>
    </Linking>
    <Other>
      <Verbosity>
        <ShowDebugInfo Value="True"/>
        <ShowHintsForSenderNotUsed Value="True"/>
      </Verbosity>
    </Other>
  </CompilerOptions>
  <Debugging>
    <BreakPoints Count="1">
      <Item1>
        <Kind Value="bpkSource"/>
        <WatchScope Value="wpsLocal"/>
        <WatchKind Value="wpkWrite"/>
        <Source Value="Keyboard.INC"/>
        <Line Value="235"/>
      </Item1>
    </BreakPoints>
    <Exceptions Count="5">
      <Item1>
        <Name Value="EAbort"/>
      </Item1>
      <Item2>
        <Name Value="ECodetoolError"/>
      </Item2>
      <Item3>
        <Name Value="EFOpenError"/>
      </Item3>
      <Item4>
        <Name Value="EConvertError"/>
      </Item4>
      <Item5>
        <Name Value="ESynaSerError"/>
      </Item5>
    </Exceptions>
  </Debugging>
</CONFIG>
